// !$*UTF8*$!
{
	archiveVersion = 1;
	classes = {
	};
	objectVersion = 51;
	objects = {

/* Begin PBXBuildFile section */
		0594A13BEA32E441F8BC0630 /* Pods_PersonList_PersonListUITests.framework in Frameworks */ = {isa = PBXBuildFile; fileRef = 09211E3D1E93644D6F4A994F /* Pods_PersonList_PersonListUITests.framework */; };
		303E96762359B4D6003DC96A /* AppDelegate.swift in Sources */ = {isa = PBXBuildFile; fileRef = 303E96752359B4D6003DC96A /* AppDelegate.swift */; };
		303E96782359B4D6003DC96A /* SceneDelegate.swift in Sources */ = {isa = PBXBuildFile; fileRef = 303E96772359B4D6003DC96A /* SceneDelegate.swift */; };
		303E967A2359B4D6003DC96A /* ViewController.swift in Sources */ = {isa = PBXBuildFile; fileRef = 303E96792359B4D6003DC96A /* ViewController.swift */; };
		303E967D2359B4D6003DC96A /* Main.storyboard in Resources */ = {isa = PBXBuildFile; fileRef = 303E967B2359B4D6003DC96A /* Main.storyboard */; };
		303E967F2359B4DC003DC96A /* Assets.xcassets in Resources */ = {isa = PBXBuildFile; fileRef = 303E967E2359B4DC003DC96A /* Assets.xcassets */; };
		303E96822359B4DC003DC96A /* LaunchScreen.storyboard in Resources */ = {isa = PBXBuildFile; fileRef = 303E96802359B4DC003DC96A /* LaunchScreen.storyboard */; };
		303E968D2359B4DC003DC96A /* PersonListTests.swift in Sources */ = {isa = PBXBuildFile; fileRef = 303E968C2359B4DC003DC96A /* PersonListTests.swift */; };
		303E96982359B4DC003DC96A /* PersonListUITests.swift in Sources */ = {isa = PBXBuildFile; fileRef = 303E96972359B4DC003DC96A /* PersonListUITests.swift */; };
		303E96A62359B937003DC96A /* UploadImagesViewController.swift in Sources */ = {isa = PBXBuildFile; fileRef = 303E96A52359B937003DC96A /* UploadImagesViewController.swift */; };
		303E96A82359BBA5003DC96A /* GoogleService-Info.plist in Resources */ = {isa = PBXBuildFile; fileRef = 303E96A72359BBA5003DC96A /* GoogleService-Info.plist */; };
		303E96B22359D5E5003DC96A /* TableViewController.swift in Sources */ = {isa = PBXBuildFile; fileRef = 303E96B12359D5E5003DC96A /* TableViewController.swift */; };
		303E96B42359D604003DC96A /* ComposeViewController.swift in Sources */ = {isa = PBXBuildFile; fileRef = 303E96B32359D604003DC96A /* ComposeViewController.swift */; };
		9B610A0CE815A1F42CE43AB1 /* Pods_PersonList.framework in Frameworks */ = {isa = PBXBuildFile; fileRef = 371E83EFC1FF9CF8EA617EBC /* Pods_PersonList.framework */; };
		AE3825BF15482020846F8530 /* Pods_PersonListTests.framework in Frameworks */ = {isa = PBXBuildFile; fileRef = 79A89952C1E0F2D53A6D419C /* Pods_PersonListTests.framework */; };
/* End PBXBuildFile section */

/* Begin PBXContainerItemProxy section */
		303E96892359B4DC003DC96A /* PBXContainerItemProxy */ = {
			isa = PBXContainerItemProxy;
			containerPortal = 303E966A2359B4D6003DC96A /* Project object */;
			proxyType = 1;
			remoteGlobalIDString = 303E96712359B4D6003DC96A;
			remoteInfo = PersonList;
		};
		303E96942359B4DC003DC96A /* PBXContainerItemProxy */ = {
			isa = PBXContainerItemProxy;
			containerPortal = 303E966A2359B4D6003DC96A /* Project object */;
			proxyType = 1;
			remoteGlobalIDString = 303E96712359B4D6003DC96A;
			remoteInfo = PersonList;
		};
/* End PBXContainerItemProxy section */

/* Begin PBXFileReference section */
		09211E3D1E93644D6F4A994F /* Pods_PersonList_PersonListUITests.framework */ = {isa = PBXFileReference; explicitFileType = wrapper.framework; includeInIndex = 0; path = Pods_PersonList_PersonListUITests.framework; sourceTree = BUILT_PRODUCTS_DIR; };
		303E96722359B4D6003DC96A /* PersonList.app */ = {isa = PBXFileReference; explicitFileType = wrapper.application; includeInIndex = 0; path = PersonList.app; sourceTree = BUILT_PRODUCTS_DIR; };
		303E96752359B4D6003DC96A /* AppDelegate.swift */ = {isa = PBXFileReference; lastKnownFileType = sourcecode.swift; path = AppDelegate.swift; sourceTree = "<group>"; };
		303E96772359B4D6003DC96A /* SceneDelegate.swift */ = {isa = PBXFileReference; lastKnownFileType = sourcecode.swift; path = SceneDelegate.swift; sourceTree = "<group>"; };
		303E96792359B4D6003DC96A /* ViewController.swift */ = {isa = PBXFileReference; lastKnownFileType = sourcecode.swift; path = ViewController.swift; sourceTree = "<group>"; };
		303E967C2359B4D6003DC96A /* Base */ = {isa = PBXFileReference; lastKnownFileType = file.storyboard; name = Base; path = Base.lproj/Main.storyboard; sourceTree = "<group>"; };
		303E967E2359B4DC003DC96A /* Assets.xcassets */ = {isa = PBXFileReference; lastKnownFileType = folder.assetcatalog; path = Assets.xcassets; sourceTree = "<group>"; };
		303E96812359B4DC003DC96A /* Base */ = {isa = PBXFileReference; lastKnownFileType = file.storyboard; name = Base; path = Base.lproj/LaunchScreen.storyboard; sourceTree = "<group>"; };
		303E96832359B4DC003DC96A /* Info.plist */ = {isa = PBXFileReference; lastKnownFileType = text.plist.xml; path = Info.plist; sourceTree = "<group>"; };
		303E96882359B4DC003DC96A /* PersonListTests.xctest */ = {isa = PBXFileReference; explicitFileType = wrapper.cfbundle; includeInIndex = 0; path = PersonListTests.xctest; sourceTree = BUILT_PRODUCTS_DIR; };
		303E968C2359B4DC003DC96A /* PersonListTests.swift */ = {isa = PBXFileReference; lastKnownFileType = sourcecode.swift; path = PersonListTests.swift; sourceTree = "<group>"; };
		303E968E2359B4DC003DC96A /* Info.plist */ = {isa = PBXFileReference; lastKnownFileType = text.plist.xml; path = Info.plist; sourceTree = "<group>"; };
		303E96932359B4DC003DC96A /* PersonListUITests.xctest */ = {isa = PBXFileReference; explicitFileType = wrapper.cfbundle; includeInIndex = 0; path = PersonListUITests.xctest; sourceTree = BUILT_PRODUCTS_DIR; };
		303E96972359B4DC003DC96A /* PersonListUITests.swift */ = {isa = PBXFileReference; lastKnownFileType = sourcecode.swift; path = PersonListUITests.swift; sourceTree = "<group>"; };
		303E96992359B4DC003DC96A /* Info.plist */ = {isa = PBXFileReference; lastKnownFileType = text.plist.xml; path = Info.plist; sourceTree = "<group>"; };
		303E96A52359B937003DC96A /* UploadImagesViewController.swift */ = {isa = PBXFileReference; fileEncoding = 4; lastKnownFileType = sourcecode.swift; path = UploadImagesViewController.swift; sourceTree = "<group>"; };
		303E96A72359BBA5003DC96A /* GoogleService-Info.plist */ = {isa = PBXFileReference; fileEncoding = 4; lastKnownFileType = text.plist.xml; path = "GoogleService-Info.plist"; sourceTree = "<group>"; };
		303E96B12359D5E5003DC96A /* TableViewController.swift */ = {isa = PBXFileReference; lastKnownFileType = sourcecode.swift; path = TableViewController.swift; sourceTree = "<group>"; };
		303E96B32359D604003DC96A /* ComposeViewController.swift */ = {isa = PBXFileReference; lastKnownFileType = sourcecode.swift; path = ComposeViewController.swift; sourceTree = "<group>"; };
		371E83EFC1FF9CF8EA617EBC /* Pods_PersonList.framework */ = {isa = PBXFileReference; explicitFileType = wrapper.framework; includeInIndex = 0; path = Pods_PersonList.framework; sourceTree = BUILT_PRODUCTS_DIR; };
		3D770181D6626C76E229E993 /* Pods-PersonListTests.release.xcconfig */ = {isa = PBXFileReference; includeInIndex = 1; lastKnownFileType = text.xcconfig; name = "Pods-PersonListTests.release.xcconfig"; path = "Target Support Files/Pods-PersonListTests/Pods-PersonListTests.release.xcconfig"; sourceTree = "<group>"; };
		5F5F5E44678220F51298D6F6 /* Pods-PersonListTests.debug.xcconfig */ = {isa = PBXFileReference; includeInIndex = 1; lastKnownFileType = text.xcconfig; name = "Pods-PersonListTests.debug.xcconfig"; path = "Target Support Files/Pods-PersonListTests/Pods-PersonListTests.debug.xcconfig"; sourceTree = "<group>"; };
		73241659938E7049DB5CBD92 /* Pods-PersonList.release.xcconfig */ = {isa = PBXFileReference; includeInIndex = 1; lastKnownFileType = text.xcconfig; name = "Pods-PersonList.release.xcconfig"; path = "Target Support Files/Pods-PersonList/Pods-PersonList.release.xcconfig"; sourceTree = "<group>"; };
		79A89952C1E0F2D53A6D419C /* Pods_PersonListTests.framework */ = {isa = PBXFileReference; explicitFileType = wrapper.framework; includeInIndex = 0; path = Pods_PersonListTests.framework; sourceTree = BUILT_PRODUCTS_DIR; };
		8C9E4254C976F7D9834C743C /* Pods-PersonList-PersonListUITests.release.xcconfig */ = {isa = PBXFileReference; includeInIndex = 1; lastKnownFileType = text.xcconfig; name = "Pods-PersonList-PersonListUITests.release.xcconfig"; path = "Target Support Files/Pods-PersonList-PersonListUITests/Pods-PersonList-PersonListUITests.release.xcconfig"; sourceTree = "<group>"; };
		C35D4DA902D6733E464A0E33 /* Pods-PersonList.debug.xcconfig */ = {isa = PBXFileReference; includeInIndex = 1; lastKnownFileType = text.xcconfig; name = "Pods-PersonList.debug.xcconfig"; path = "Target Support Files/Pods-PersonList/Pods-PersonList.debug.xcconfig"; sourceTree = "<group>"; };
		CEF2FD7A749E6F27BB4A1F67 /* Pods-PersonList-PersonListUITests.debug.xcconfig */ = {isa = PBXFileReference; includeInIndex = 1; lastKnownFileType = text.xcconfig; name = "Pods-PersonList-PersonListUITests.debug.xcconfig"; path = "Target Support Files/Pods-PersonList-PersonListUITests/Pods-PersonList-PersonListUITests.debug.xcconfig"; sourceTree = "<group>"; };
/* End PBXFileReference section */

/* Begin PBXFrameworksBuildPhase section */
		303E966F2359B4D6003DC96A /* Frameworks */ = {
			isa = PBXFrameworksBuildPhase;
			buildActionMask = 2147483647;
			files = (
				9B610A0CE815A1F42CE43AB1 /* Pods_PersonList.framework in Frameworks */,
			);
			runOnlyForDeploymentPostprocessing = 0;
		};
		303E96852359B4DC003DC96A /* Frameworks */ = {
			isa = PBXFrameworksBuildPhase;
			buildActionMask = 2147483647;
			files = (
				AE3825BF15482020846F8530 /* Pods_PersonListTests.framework in Frameworks */,
			);
			runOnlyForDeploymentPostprocessing = 0;
		};
		303E96902359B4DC003DC96A /* Frameworks */ = {
			isa = PBXFrameworksBuildPhase;
			buildActionMask = 2147483647;
			files = (
				0594A13BEA32E441F8BC0630 /* Pods_PersonList_PersonListUITests.framework in Frameworks */,
			);
			runOnlyForDeploymentPostprocessing = 0;
		};
/* End PBXFrameworksBuildPhase section */

/* Begin PBXGroup section */
		1B399ABD4006CA2F0D48781E /* Pods */ = {
			isa = PBXGroup;
			children = (
				C35D4DA902D6733E464A0E33 /* Pods-PersonList.debug.xcconfig */,
				73241659938E7049DB5CBD92 /* Pods-PersonList.release.xcconfig */,
				CEF2FD7A749E6F27BB4A1F67 /* Pods-PersonList-PersonListUITests.debug.xcconfig */,
				8C9E4254C976F7D9834C743C /* Pods-PersonList-PersonListUITests.release.xcconfig */,
				5F5F5E44678220F51298D6F6 /* Pods-PersonListTests.debug.xcconfig */,
				3D770181D6626C76E229E993 /* Pods-PersonListTests.release.xcconfig */,
			);
			path = Pods;
			sourceTree = "<group>";
		};
		303E96692359B4D6003DC96A = {
			isa = PBXGroup;
			children = (
				303E96742359B4D6003DC96A /* PersonList */,
				303E968B2359B4DC003DC96A /* PersonListTests */,
				303E96962359B4DC003DC96A /* PersonListUITests */,
				303E96732359B4D6003DC96A /* Products */,
				1B399ABD4006CA2F0D48781E /* Pods */,
				583DEDC6A892DE74211272CD /* Frameworks */,
			);
			sourceTree = "<group>";
		};
		303E96732359B4D6003DC96A /* Products */ = {
			isa = PBXGroup;
			children = (
				303E96722359B4D6003DC96A /* PersonList.app */,
				303E96882359B4DC003DC96A /* PersonListTests.xctest */,
				303E96932359B4DC003DC96A /* PersonListUITests.xctest */,
			);
			name = Products;
			sourceTree = "<group>";
		};
		303E96742359B4D6003DC96A /* PersonList */ = {
			isa = PBXGroup;
			children = (
				303E96752359B4D6003DC96A /* AppDelegate.swift */,
				303E96772359B4D6003DC96A /* SceneDelegate.swift */,
				303E96792359B4D6003DC96A /* ViewController.swift */,
				303E967B2359B4D6003DC96A /* Main.storyboard */,
				303E967E2359B4DC003DC96A /* Assets.xcassets */,
				303E96802359B4DC003DC96A /* LaunchScreen.storyboard */,
				303E96832359B4DC003DC96A /* Info.plist */,
				303E96A52359B937003DC96A /* UploadImagesViewController.swift */,
				303E96A72359BBA5003DC96A /* GoogleService-Info.plist */,
				303E96B12359D5E5003DC96A /* TableViewController.swift */,
				303E96B32359D604003DC96A /* ComposeViewController.swift */,
			);
			path = PersonList;
			sourceTree = "<group>";
		};
		303E968B2359B4DC003DC96A /* PersonListTests */ = {
			isa = PBXGroup;
			children = (
				303E968C2359B4DC003DC96A /* PersonListTests.swift */,
				303E968E2359B4DC003DC96A /* Info.plist */,
			);
			path = PersonListTests;
			sourceTree = "<group>";
		};
		303E96962359B4DC003DC96A /* PersonListUITests */ = {
			isa = PBXGroup;
			children = (
				303E96972359B4DC003DC96A /* PersonListUITests.swift */,
				303E96992359B4DC003DC96A /* Info.plist */,
			);
			path = PersonListUITests;
			sourceTree = "<group>";
		};
		583DEDC6A892DE74211272CD /* Frameworks */ = {
			isa = PBXGroup;
			children = (
				371E83EFC1FF9CF8EA617EBC /* Pods_PersonList.framework */,
				09211E3D1E93644D6F4A994F /* Pods_PersonList_PersonListUITests.framework */,
				79A89952C1E0F2D53A6D419C /* Pods_PersonListTests.framework */,
			);
			name = Frameworks;
			sourceTree = "<group>";
		};
/* End PBXGroup section */

/* Begin PBXNativeTarget section */
		303E96712359B4D6003DC96A /* PersonList */ = {
			isa = PBXNativeTarget;
			buildConfigurationList = 303E969C2359B4DC003DC96A /* Build configuration list for PBXNativeTarget "PersonList" */;
			buildPhases = (
				72B1AAB4EEA63B4337821C4F /* [CP] Check Pods Manifest.lock */,
				303E966E2359B4D6003DC96A /* Sources */,
				303E966F2359B4D6003DC96A /* Frameworks */,
				303E96702359B4D6003DC96A /* Resources */,
				8212DB12CB9B3BD1F8724CCE /* [CP] Embed Pods Frameworks */,
			);
			buildRules = (
			);
			dependencies = (
			);
			name = PersonList;
			productName = PersonList;
			productReference = 303E96722359B4D6003DC96A /* PersonList.app */;
			productType = "com.apple.product-type.application";
		};
		303E96872359B4DC003DC96A /* PersonListTests */ = {
			isa = PBXNativeTarget;
			buildConfigurationList = 303E969F2359B4DC003DC96A /* Build configuration list for PBXNativeTarget "PersonListTests" */;
			buildPhases = (
				3090D952D0C71AF2631C9174 /* [CP] Check Pods Manifest.lock */,
				303E96842359B4DC003DC96A /* Sources */,
				303E96852359B4DC003DC96A /* Frameworks */,
				303E96862359B4DC003DC96A /* Resources */,
			);
			buildRules = (
			);
			dependencies = (
				303E968A2359B4DC003DC96A /* PBXTargetDependency */,
			);
			name = PersonListTests;
			productName = PersonListTests;
			productReference = 303E96882359B4DC003DC96A /* PersonListTests.xctest */;
			productType = "com.apple.product-type.bundle.unit-test";
		};
		303E96922359B4DC003DC96A /* PersonListUITests */ = {
			isa = PBXNativeTarget;
			buildConfigurationList = 303E96A22359B4DC003DC96A /* Build configuration list for PBXNativeTarget "PersonListUITests" */;
			buildPhases = (
				DF4485A8715A0FE80A8E8661 /* [CP] Check Pods Manifest.lock */,
				303E968F2359B4DC003DC96A /* Sources */,
				303E96902359B4DC003DC96A /* Frameworks */,
				303E96912359B4DC003DC96A /* Resources */,
				6F8598965D657ACFEB9EA6F5 /* [CP] Embed Pods Frameworks */,
			);
			buildRules = (
			);
			dependencies = (
				303E96952359B4DC003DC96A /* PBXTargetDependency */,
			);
			name = PersonListUITests;
			productName = PersonListUITests;
			productReference = 303E96932359B4DC003DC96A /* PersonListUITests.xctest */;
			productType = "com.apple.product-type.bundle.ui-testing";
		};
/* End PBXNativeTarget section */

/* Begin PBXProject section */
		303E966A2359B4D6003DC96A /* Project object */ = {
			isa = PBXProject;
			attributes = {
				LastSwiftUpdateCheck = 1110;
				LastUpgradeCheck = 1110;
				ORGANIZATIONNAME = Haulik;
				TargetAttributes = {
					303E96712359B4D6003DC96A = {
						CreatedOnToolsVersion = 11.1;
					};
					303E96872359B4DC003DC96A = {
						CreatedOnToolsVersion = 11.1;
						TestTargetID = 303E96712359B4D6003DC96A;
					};
					303E96922359B4DC003DC96A = {
						CreatedOnToolsVersion = 11.1;
						TestTargetID = 303E96712359B4D6003DC96A;
					};
				};
			};
			buildConfigurationList = 303E966D2359B4D6003DC96A /* Build configuration list for PBXProject "PersonList" */;
			compatibilityVersion = "Xcode 9.3";
			developmentRegion = en;
			hasScannedForEncodings = 0;
			knownRegions = (
				en,
				Base,
			);
			mainGroup = 303E96692359B4D6003DC96A;
			productRefGroup = 303E96732359B4D6003DC96A /* Products */;
			projectDirPath = "";
			projectRoot = "";
			targets = (
				303E96712359B4D6003DC96A /* PersonList */,
				303E96872359B4DC003DC96A /* PersonListTests */,
				303E96922359B4DC003DC96A /* PersonListUITests */,
			);
		};
/* End PBXProject section */

/* Begin PBXResourcesBuildPhase section */
		303E96702359B4D6003DC96A /* Resources */ = {
			isa = PBXResourcesBuildPhase;
			buildActionMask = 2147483647;
			files = (
				303E96822359B4DC003DC96A /* LaunchScreen.storyboard in Resources */,
				303E96A82359BBA5003DC96A /* GoogleService-Info.plist in Resources */,
				303E967F2359B4DC003DC96A /* Assets.xcassets in Resources */,
				303E967D2359B4D6003DC96A /* Main.storyboard in Resources */,
			);
			runOnlyForDeploymentPostprocessing = 0;
		};
		303E96862359B4DC003DC96A /* Resources */ = {
			isa = PBXResourcesBuildPhase;
			buildActionMask = 2147483647;
			files = (
			);
			runOnlyForDeploymentPostprocessing = 0;
		};
		303E96912359B4DC003DC96A /* Resources */ = {
			isa = PBXResourcesBuildPhase;
			buildActionMask = 2147483647;
			files = (
			);
			runOnlyForDeploymentPostprocessing = 0;
		};
/* End PBXResourcesBuildPhase section */

/* Begin PBXShellScriptBuildPhase section */
		3090D952D0C71AF2631C9174 /* [CP] Check Pods Manifest.lock */ = {
			isa = PBXShellScriptBuildPhase;
			buildActionMask = 2147483647;
			files = (
			);
			inputFileListPaths = (
			);
			inputPaths = (
				"${PODS_PODFILE_DIR_PATH}/Podfile.lock",
				"${PODS_ROOT}/Manifest.lock",
			);
			name = "[CP] Check Pods Manifest.lock";
			outputFileListPaths = (
			);
			outputPaths = (
				"$(DERIVED_FILE_DIR)/Pods-PersonListTests-checkManifestLockResult.txt",
			);
			runOnlyForDeploymentPostprocessing = 0;
			shellPath = /bin/sh;
			shellScript = "diff \"${PODS_PODFILE_DIR_PATH}/Podfile.lock\" \"${PODS_ROOT}/Manifest.lock\" > /dev/null\nif [ $? != 0 ] ; then\n    # print error to STDERR\n    echo \"error: The sandbox is not in sync with the Podfile.lock. Run 'pod install' or update your CocoaPods installation.\" >&2\n    exit 1\nfi\n# This output is used by Xcode 'outputs' to avoid re-running this script phase.\necho \"SUCCESS\" > \"${SCRIPT_OUTPUT_FILE_0}\"\n";
			showEnvVarsInLog = 0;
		};
		6F8598965D657ACFEB9EA6F5 /* [CP] Embed Pods Frameworks */ = {
			isa = PBXShellScriptBuildPhase;
			buildActionMask = 2147483647;
			files = (
			);
			inputFileListPaths = (
				"${PODS_ROOT}/Target Support Files/Pods-PersonList-PersonListUITests/Pods-PersonList-PersonListUITests-frameworks-${CONFIGURATION}-input-files.xcfilelist",
			);
			name = "[CP] Embed Pods Frameworks";
			outputFileListPaths = (
				"${PODS_ROOT}/Target Support Files/Pods-PersonList-PersonListUITests/Pods-PersonList-PersonListUITests-frameworks-${CONFIGURATION}-output-files.xcfilelist",
			);
			runOnlyForDeploymentPostprocessing = 0;
			shellPath = /bin/sh;
			shellScript = "\"${PODS_ROOT}/Target Support Files/Pods-PersonList-PersonListUITests/Pods-PersonList-PersonListUITests-frameworks.sh\"\n";
			showEnvVarsInLog = 0;
		};
		72B1AAB4EEA63B4337821C4F /* [CP] Check Pods Manifest.lock */ = {
			isa = PBXShellScriptBuildPhase;
			buildActionMask = 2147483647;
			files = (
			);
			inputFileListPaths = (
			);
			inputPaths = (
				"${PODS_PODFILE_DIR_PATH}/Podfile.lock",
				"${PODS_ROOT}/Manifest.lock",
			);
			name = "[CP] Check Pods Manifest.lock";
			outputFileListPaths = (
			);
			outputPaths = (
				"$(DERIVED_FILE_DIR)/Pods-PersonList-checkManifestLockResult.txt",
			);
			runOnlyForDeploymentPostprocessing = 0;
			shellPath = /bin/sh;
			shellScript = "diff \"${PODS_PODFILE_DIR_PATH}/Podfile.lock\" \"${PODS_ROOT}/Manifest.lock\" > /dev/null\nif [ $? != 0 ] ; then\n    # print error to STDERR\n    echo \"error: The sandbox is not in sync with the Podfile.lock. Run 'pod install' or update your CocoaPods installation.\" >&2\n    exit 1\nfi\n# This output is used by Xcode 'outputs' to avoid re-running this script phase.\necho \"SUCCESS\" > \"${SCRIPT_OUTPUT_FILE_0}\"\n";
			showEnvVarsInLog = 0;
		};
		8212DB12CB9B3BD1F8724CCE /* [CP] Embed Pods Frameworks */ = {
			isa = PBXShellScriptBuildPhase;
			buildActionMask = 2147483647;
			files = (
			);
			inputFileListPaths = (
				"${PODS_ROOT}/Target Support Files/Pods-PersonList/Pods-PersonList-frameworks-${CONFIGURATION}-input-files.xcfilelist",
			);
			name = "[CP] Embed Pods Frameworks";
			outputFileListPaths = (
				"${PODS_ROOT}/Target Support Files/Pods-PersonList/Pods-PersonList-frameworks-${CONFIGURATION}-output-files.xcfilelist",
			);
			runOnlyForDeploymentPostprocessing = 0;
			shellPath = /bin/sh;
			shellScript = "\"${PODS_ROOT}/Target Support Files/Pods-PersonList/Pods-PersonList-frameworks.sh\"\n";
			showEnvVarsInLog = 0;
		};
		DF4485A8715A0FE80A8E8661 /* [CP] Check Pods Manifest.lock */ = {
			isa = PBXShellScriptBuildPhase;
			buildActionMask = 2147483647;
			files = (
			);
			inputFileListPaths = (
			);
			inputPaths = (
				"${PODS_PODFILE_DIR_PATH}/Podfile.lock",
				"${PODS_ROOT}/Manifest.lock",
			);
			name = "[CP] Check Pods Manifest.lock";
			outputFileListPaths = (
			);
			outputPaths = (
				"$(DERIVED_FILE_DIR)/Pods-PersonList-PersonListUITests-checkManifestLockResult.txt",
			);
			runOnlyForDeploymentPostprocessing = 0;
			shellPath = /bin/sh;
			shellScript = "diff \"${PODS_PODFILE_DIR_PATH}/Podfile.lock\" \"${PODS_ROOT}/Manifest.lock\" > /dev/null\nif [ $? != 0 ] ; then\n    # print error to STDERR\n    echo \"error: The sandbox is not in sync with the Podfile.lock. Run 'pod install' or update your CocoaPods installation.\" >&2\n    exit 1\nfi\n# This output is used by Xcode 'outputs' to avoid re-running this script phase.\necho \"SUCCESS\" > \"${SCRIPT_OUTPUT_FILE_0}\"\n";
			showEnvVarsInLog = 0;
		};
/* End PBXShellScriptBuildPhase section */

/* Begin PBXSourcesBuildPhase section */
		303E966E2359B4D6003DC96A /* Sources */ = {
			isa = PBXSourcesBuildPhase;
			buildActionMask = 2147483647;
			files = (
				303E967A2359B4D6003DC96A /* ViewController.swift in Sources */,
				303E96762359B4D6003DC96A /* AppDelegate.swift in Sources */,
				303E96A62359B937003DC96A /* UploadImagesViewController.swift in Sources */,
				303E96B42359D604003DC96A /* ComposeViewController.swift in Sources */,
				303E96B22359D5E5003DC96A /* TableViewController.swift in Sources */,
				303E96782359B4D6003DC96A /* SceneDelegate.swift in Sources */,
			);
			runOnlyForDeploymentPostprocessing = 0;
		};
		303E96842359B4DC003DC96A /* Sources */ = {
			isa = PBXSourcesBuildPhase;
			buildActionMask = 2147483647;
			files = (
				303E968D2359B4DC003DC96A /* PersonListTests.swift in Sources */,
			);
			runOnlyForDeploymentPostprocessing = 0;
		};
		303E968F2359B4DC003DC96A /* Sources */ = {
			isa = PBXSourcesBuildPhase;
			buildActionMask = 2147483647;
			files = (
				303E96982359B4DC003DC96A /* PersonListUITests.swift in Sources */,
			);
			runOnlyForDeploymentPostprocessing = 0;
		};
/* End PBXSourcesBuildPhase section */

/* Begin PBXTargetDependency section */
		303E968A2359B4DC003DC96A /* PBXTargetDependency */ = {
			isa = PBXTargetDependency;
			target = 303E96712359B4D6003DC96A /* PersonList */;
			targetProxy = 303E96892359B4DC003DC96A /* PBXContainerItemProxy */;
		};
		303E96952359B4DC003DC96A /* PBXTargetDependency */ = {
			isa = PBXTargetDependency;
			target = 303E96712359B4D6003DC96A /* PersonList */;
			targetProxy = 303E96942359B4DC003DC96A /* PBXContainerItemProxy */;
		};
/* End PBXTargetDependency section */

/* Begin PBXVariantGroup section */
		303E967B2359B4D6003DC96A /* Main.storyboard */ = {
			isa = PBXVariantGroup;
			children = (
				303E967C2359B4D6003DC96A /* Base */,
			);
			name = Main.storyboard;
			sourceTree = "<group>";
		};
		303E96802359B4DC003DC96A /* LaunchScreen.storyboard */ = {
			isa = PBXVariantGroup;
			children = (
				303E96812359B4DC003DC96A /* Base */,
			);
			name = LaunchScreen.storyboard;
			sourceTree = "<group>";
		};
/* End PBXVariantGroup section */

/* Begin XCBuildConfiguration section */
		303E969A2359B4DC003DC96A /* Debug */ = {
			isa = XCBuildConfiguration;
			buildSettings = {
				ALWAYS_SEARCH_USER_PATHS = NO;
				CLANG_ANALYZER_NONNULL = YES;
				CLANG_ANALYZER_NUMBER_OBJECT_CONVERSION = YES_AGGRESSIVE;
				CLANG_CXX_LANGUAGE_STANDARD = "gnu++14";
				CLANG_CXX_LIBRARY = "libc++";
				CLANG_ENABLE_MODULES = YES;
				CLANG_ENABLE_OBJC_ARC = YES;
				CLANG_ENABLE_OBJC_WEAK = YES;
				CLANG_WARN_BLOCK_CAPTURE_AUTORELEASING = YES;
				CLANG_WARN_BOOL_CONVERSION = YES;
				CLANG_WARN_COMMA = YES;
				CLANG_WARN_CONSTANT_CONVERSION = YES;
				CLANG_WARN_DEPRECATED_OBJC_IMPLEMENTATIONS = YES;
				CLANG_WARN_DIRECT_OBJC_ISA_USAGE = YES_ERROR;
				CLANG_WARN_DOCUMENTATION_COMMENTS = YES;
				CLANG_WARN_EMPTY_BODY = YES;
				CLANG_WARN_ENUM_CONVERSION = YES;
				CLANG_WARN_INFINITE_RECURSION = YES;
				CLANG_WARN_INT_CONVERSION = YES;
				CLANG_WARN_NON_LITERAL_NULL_CONVERSION = YES;
				CLANG_WARN_OBJC_IMPLICIT_RETAIN_SELF = YES;
				CLANG_WARN_OBJC_LITERAL_CONVERSION = YES;
				CLANG_WARN_OBJC_ROOT_CLASS = YES_ERROR;
				CLANG_WARN_RANGE_LOOP_ANALYSIS = YES;
				CLANG_WARN_STRICT_PROTOTYPES = YES;
				CLANG_WARN_SUSPICIOUS_MOVE = YES;
				CLANG_WARN_UNGUARDED_AVAILABILITY = YES_AGGRESSIVE;
				CLANG_WARN_UNREACHABLE_CODE = YES;
				CLANG_WARN__DUPLICATE_METHOD_MATCH = YES;
				COPY_PHASE_STRIP = NO;
				DEBUG_INFORMATION_FORMAT = dwarf;
				ENABLE_STRICT_OBJC_MSGSEND = YES;
				ENABLE_TESTABILITY = YES;
				GCC_C_LANGUAGE_STANDARD = gnu11;
				GCC_DYNAMIC_NO_PIC = NO;
				GCC_NO_COMMON_BLOCKS = YES;
				GCC_OPTIMIZATION_LEVEL = 0;
				GCC_PREPROCESSOR_DEFINITIONS = (
					"DEBUG=1",
					"$(inherited)",
				);
				GCC_WARN_64_TO_32_BIT_CONVERSION = YES;
				GCC_WARN_ABOUT_RETURN_TYPE = YES_ERROR;
				GCC_WARN_UNDECLARED_SELECTOR = YES;
				GCC_WARN_UNINITIALIZED_AUTOS = YES_AGGRESSIVE;
				GCC_WARN_UNUSED_FUNCTION = YES;
				GCC_WARN_UNUSED_VARIABLE = YES;
				IPHONEOS_DEPLOYMENT_TARGET = 13.1;
				MTL_ENABLE_DEBUG_INFO = INCLUDE_SOURCE;
				MTL_FAST_MATH = YES;
				ONLY_ACTIVE_ARCH = YES;
				SDKROOT = iphoneos;
				SWIFT_ACTIVE_COMPILATION_CONDITIONS = DEBUG;
				SWIFT_OPTIMIZATION_LEVEL = "-Onone";
			};
			name = Debug;
		};
		303E969B2359B4DC003DC96A /* Release */ = {
			isa = XCBuildConfiguration;
			buildSettings = {
				ALWAYS_SEARCH_USER_PATHS = NO;
				CLANG_ANALYZER_NONNULL = YES;
				CLANG_ANALYZER_NUMBER_OBJECT_CONVERSION = YES_AGGRESSIVE;
				CLANG_CXX_LANGUAGE_STANDARD = "gnu++14";
				CLANG_CXX_LIBRARY = "libc++";
				CLANG_ENABLE_MODULES = YES;
				CLANG_ENABLE_OBJC_ARC = YES;
				CLANG_ENABLE_OBJC_WEAK = YES;
				CLANG_WARN_BLOCK_CAPTURE_AUTORELEASING = YES;
				CLANG_WARN_BOOL_CONVERSION = YES;
				CLANG_WARN_COMMA = YES;
				CLANG_WARN_CONSTANT_CONVERSION = YES;
				CLANG_WARN_DEPRECATED_OBJC_IMPLEMENTATIONS = YES;
				CLANG_WARN_DIRECT_OBJC_ISA_USAGE = YES_ERROR;
				CLANG_WARN_DOCUMENTATION_COMMENTS = YES;
				CLANG_WARN_EMPTY_BODY = YES;
				CLANG_WARN_ENUM_CONVERSION = YES;
				CLANG_WARN_INFINITE_RECURSION = YES;
				CLANG_WARN_INT_CONVERSION = YES;
				CLANG_WARN_NON_LITERAL_NULL_CONVERSION = YES;
				CLANG_WARN_OBJC_IMPLICIT_RETAIN_SELF = YES;
				CLANG_WARN_OBJC_LITERAL_CONVERSION = YES;
				CLANG_WARN_OBJC_ROOT_CLASS = YES_ERROR;
				CLANG_WARN_RANGE_LOOP_ANALYSIS = YES;
				CLANG_WARN_STRICT_PROTOTYPES = YES;
				CLANG_WARN_SUSPICIOUS_MOVE = YES;
				CLANG_WARN_UNGUARDED_AVAILABILITY = YES_AGGRESSIVE;
				CLANG_WARN_UNREACHABLE_CODE = YES;
				CLANG_WARN__DUPLICATE_METHOD_MATCH = YES;
				COPY_PHASE_STRIP = NO;
				DEBUG_INFORMATION_FORMAT = "dwarf-with-dsym";
				ENABLE_NS_ASSERTIONS = NO;
				ENABLE_STRICT_OBJC_MSGSEND = YES;
				GCC_C_LANGUAGE_STANDARD = gnu11;
				GCC_NO_COMMON_BLOCKS = YES;
				GCC_WARN_64_TO_32_BIT_CONVERSION = YES;
				GCC_WARN_ABOUT_RETURN_TYPE = YES_ERROR;
				GCC_WARN_UNDECLARED_SELECTOR = YES;
				GCC_WARN_UNINITIALIZED_AUTOS = YES_AGGRESSIVE;
				GCC_WARN_UNUSED_FUNCTION = YES;
				GCC_WARN_UNUSED_VARIABLE = YES;
				IPHONEOS_DEPLOYMENT_TARGET = 13.1;
				MTL_ENABLE_DEBUG_INFO = NO;
				MTL_FAST_MATH = YES;
				SDKROOT = iphoneos;
				SWIFT_COMPILATION_MODE = wholemodule;
				SWIFT_OPTIMIZATION_LEVEL = "-O";
				VALIDATE_PRODUCT = YES;
			};
			name = Release;
		};
		303E969D2359B4DC003DC96A /* Debug */ = {
			isa = XCBuildConfiguration;
			baseConfigurationReference = C35D4DA902D6733E464A0E33 /* Pods-PersonList.debug.xcconfig */;
			buildSettings = {
				ASSETCATALOG_COMPILER_APPICON_NAME = AppIcon;
				CODE_SIGN_STYLE = Automatic;
				INFOPLIST_FILE = PersonList/Info.plist;
				LD_RUNPATH_SEARCH_PATHS = (
					"$(inherited)",
					"@executable_path/Frameworks",
				);
				PRODUCT_BUNDLE_IDENTIFIER = Haulik.PersonList;
				PRODUCT_NAME = "$(TARGET_NAME)";
				SWIFT_VERSION = 5.0;
				TARGETED_DEVICE_FAMILY = "1,2";
			};
			name = Debug;
		};
		303E969E2359B4DC003DC96A /* Release */ = {
			isa = XCBuildConfiguration;
			baseConfigurationReference = 73241659938E7049DB5CBD92 /* Pods-PersonList.release.xcconfig */;
			buildSettings = {
				ASSETCATALOG_COMPILER_APPICON_NAME = AppIcon;
				CODE_SIGN_STYLE = Automatic;
				INFOPLIST_FILE = PersonList/Info.plist;
				LD_RUNPATH_SEARCH_PATHS = (
					"$(inherited)",
					"@executable_path/Frameworks",
				);
				PRODUCT_BUNDLE_IDENTIFIER = Haulik.PersonList;
				PRODUCT_NAME = "$(TARGET_NAME)";
				SWIFT_VERSION = 5.0;
				TARGETED_DEVICE_FAMILY = "1,2";
			};
			name = Release;
		};
		303E96A02359B4DC003DC96A /* Debug */ = {
			isa = XCBuildConfiguration;
			baseConfigurationReference = 5F5F5E44678220F51298D6F6 /* Pods-PersonListTests.debug.xcconfig */;
			buildSettings = {
				ALWAYS_EMBED_SWIFT_STANDARD_LIBRARIES = YES;
				BUNDLE_LOADER = "$(TEST_HOST)";
				CODE_SIGN_STYLE = Automatic;
				INFOPLIST_FILE = PersonListTests/Info.plist;
				IPHONEOS_DEPLOYMENT_TARGET = 13.1;
				LD_RUNPATH_SEARCH_PATHS = (
					"$(inherited)",
					"@executable_path/Frameworks",
					"@loader_path/Frameworks",
				);
				PRODUCT_BUNDLE_IDENTIFIER = Haulik.PersonListTests;
				PRODUCT_NAME = "$(TARGET_NAME)";
				SWIFT_VERSION = 5.0;
				TARGETED_DEVICE_FAMILY = "1,2";
				TEST_HOST = "$(BUILT_PRODUCTS_DIR)/PersonList.app/PersonList";
			};
			name = Debug;
		};
		303E96A12359B4DC003DC96A /* Release */ = {
			isa = XCBuildConfiguration;
			baseConfigurationReference = 3D770181D6626C76E229E993 /* Pods-PersonListTests.release.xcconfig */;
			buildSettings = {
				ALWAYS_EMBED_SWIFT_STANDARD_LIBRARIES = YES;
				BUNDLE_LOADER = "$(TEST_HOST)";
				CODE_SIGN_STYLE = Automatic;
				INFOPLIST_FILE = PersonListTests/Info.plist;
				IPHONEOS_DEPLOYMENT_TARGET = 13.1;
				LD_RUNPATH_SEARCH_PATHS = (
					"$(inherited)",
					"@executable_path/Frameworks",
					"@loader_path/Frameworks",
				);
				PRODUCT_BUNDLE_IDENTIFIER = Haulik.PersonListTests;
				PRODUCT_NAME = "$(TARGET_NAME)";
				SWIFT_VERSION = 5.0;
				TARGETED_DEVICE_FAMILY = "1,2";
				TEST_HOST = "$(BUILT_PRODUCTS_DIR)/PersonList.app/PersonList";
			};
			name = Release;
		};
		303E96A32359B4DC003DC96A /* Debug */ = {
			isa = XCBuildConfiguration;
			baseConfigurationReference = CEF2FD7A749E6F27BB4A1F67 /* Pods-PersonList-PersonListUITests.debug.xcconfig */;
			buildSettings = {
				ALWAYS_EMBED_SWIFT_STANDARD_LIBRARIES = YES;
				CODE_SIGN_STYLE = Automatic;
				INFOPLIST_FILE = PersonListUITests/Info.plist;
				LD_RUNPATH_SEARCH_PATHS = (
					"$(inherited)",
					"@executable_path/Frameworks",
					"@loader_path/Frameworks",
				);
				PRODUCT_BUNDLE_IDENTIFIER = Haulik.PersonListUITests;
				PRODUCT_NAME = "$(TARGET_NAME)";
				SWIFT_VERSION = 5.0;
				TARGETED_DEVICE_FAMILY = "1,2";
				TEST_TARGET_NAME = PersonList;
			};
			name = Debug;
		};
		303E96A42359B4DC003DC96A /* Release */ = {
			isa = XCBuildConfiguration;
			baseConfigurationReference = 8C9E4254C976F7D9834C743C /* Pods-PersonList-PersonListUITests.release.xcconfig */;
			buildSettings = {
				ALWAYS_EMBED_SWIFT_STANDARD_LIBRARIES = YES;
				CODE_SIGN_STYLE = Automatic;
				INFOPLIST_FILE = PersonListUITests/Info.plist;
				LD_RUNPATH_SEARCH_PATHS = (
					"$(inherited)",
					"@executable_path/Frameworks",
					"@loader_path/Frameworks",
				);
				PRODUCT_BUNDLE_IDENTIFIER = Haulik.PersonListUITests;
				PRODUCT_NAME = "$(TARGET_NAME)";
				SWIFT_VERSION = 5.0;
				TARGETED_DEVICE_FAMILY = "1,2";
				TEST_TARGET_NAME = PersonList;
			};
			name = Release;
		};
/* End XCBuildConfiguration section */

/* Begin XCConfigurationList section */
		303E966D2359B4D6003DC96A /* Build configuration list for PBXProject "PersonList" */ = {
			isa = XCConfigurationList;
			buildConfigurations = (
				303E969A2359B4DC003DC96A /* Debug */,
				303E969B2359B4DC003DC96A /* Release */,
			);
			defaultConfigurationIsVisible = 0;
			defaultConfigurationName = Release;
		};
		303E969C2359B4DC003DC96A /* Build configuration list for PBXNativeTarget "PersonList" */ = {
			isa = XCConfigurationList;
			buildConfigurations = (
				303E969D2359B4DC003DC96A /* Debug */,
				303E969E2359B4DC003DC96A /* Release */,
			);
			defaultConfigurationIsVisible = 0;
			defaultConfigurationName = Release;
		};
		303E969F2359B4DC003DC96A /* Build configuration list for PBXNativeTarget "PersonListTests" */ = {
			isa = XCConfigurationList;
			buildConfigurations = (
				303E96A02359B4DC003DC96A /* Debug */,
				303E96A12359B4DC003DC96A /* Release */,
			);
			defaultConfigurationIsVisible = 0;
			defaultConfigurationName = Release;
		};
		303E96A22359B4DC003DC96A /* Build configuration list for PBXNativeTarget "PersonListUITests" */ = {
			isa = XCConfigurationList;
			buildConfigurations = (
				303E96A32359B4DC003DC96A /* Debug */,
				303E96A42359B4DC003DC96A /* Release */,
			);
			defaultConfigurationIsVisible = 0;
			defaultConfigurationName = Release;
		};
/* End XCConfigurationList section */
	};
	rootObject = 303E966A2359B4D6003DC96A /* Project object */;
}
